{
  "nodes": {
    "aquamarine": {
      "inputs": {
        "hyprutils": [
          "hyprnix",
          "hyprutils"
        ],
        "hyprwayland-scanner": [
          "hyprnix",
          "hyprwayland-scanner"
        ],
        "nixpkgs": [
          "hyprnix",
          "nixpkgs"
        ],
        "systems": [
          "hyprnix",
          "systems"
        ]
      },
      "locked": {
        "lastModified": 1763922789,
        "narHash": "sha256-XnkWjCpeXfip9tqYdL0b0zzBDjq+dgdISvEdSVGdVyA=",
        "owner": "hyprwm",
        "repo": "aquamarine",
        "rev": "a20a0e67a33b6848378a91b871b89588d3a12573",
        "type": "github"
      },
      "original": {
        "owner": "hyprwm",
        "ref": "v0.10.0",
        "repo": "aquamarine",
        "type": "github"
      }
    },
    "aquamarine_2": {
      "inputs": {
        "hyprutils": [
          "hyprnix",
          "hyprpwcenter",
          "hyprutils"
        ],
        "hyprwayland-scanner": "hyprwayland-scanner",
        "nixpkgs": [
          "hyprnix",
          "hyprpwcenter",
          "nixpkgs"
        ],
        "systems": [
          "hyprnix",
          "hyprpwcenter",
          "systems"
        ]
      },
      "locked": {
        "lastModified": 1770166889,
        "narHash": "sha256-ffxABFykweSQHhSZvL2iKWKVA2rqfgw8kAHIqs1fDRQ=",
        "owner": "hyprwm",
        "repo": "aquamarine",
        "rev": "35fa4a965e0fa725fe21c289703680fd75e61211",
        "type": "github"
      },
      "original": {
        "owner": "hyprwm",
        "repo": "aquamarine",
        "type": "github"
      }
    },
    "aquamarine_3": {
      "inputs": {
        "hyprutils": [
          "hyprnix",
          "hyprshutdown",
          "hyprutils"
        ],
        "hyprwayland-scanner": "hyprwayland-scanner_2",
        "nixpkgs": [
          "hyprnix",
          "hyprshutdown",
          "nixpkgs"
        ],
        "systems": [
          "hyprnix",
          "hyprshutdown",
          "systems"
        ]
      },
      "locked": {
        "lastModified": 1764714051,
        "narHash": "sha256-AjcMlM3UoavFoLzr0YrcvsIxALShjyvwe+o7ikibpCM=",
        "owner": "hyprwm",
        "repo": "aquamarine",
        "rev": "a43bedcceced5c21ad36578ed823e6099af78214",
        "type": "github"
      },
      "original": {
        "owner": "hyprwm",
        "repo": "aquamarine",
        "type": "github"
      }
    },
    "betterfox": {
      "inputs": {
        "flake-parts": "flake-parts",
        "import-tree": "import-tree",
        "nixpkgs": [
          "nixpkgs"
        ],
        "systems": "systems"
      },
      "locked": {
        "lastModified": 1774983044,
        "narHash": "sha256-XfoC6wpoDN3CNVY8U6tqpPa0oiHoKpE9G9xYNfI1ZME=",
        "owner": "HeitorAugustoLN",
        "repo": "betterfox-nix",
        "rev": "a18e05401186690925d5c493240908852cdb43ea",
        "type": "github"
      },
      "original": {
        "owner": "HeitorAugustoLN",
        "repo": "betterfox-nix",
        "type": "github"
      }
    },
    "blobs": {
      "flake": false,
      "locked": {
        "lastModified": 1604995301,
        "narHash": "sha256-wcLzgLec6SGJA8fx1OEN1yV/Py5b+U5iyYpksUY/yLw=",
        "owner": "simple-nixos-mailserver",
        "repo": "blobs",
        "rev": "2cccdf1ca48316f2cfd1c9a0017e8de5a7156265",
        "type": "gitlab"
      },
      "original": {
        "owner": "simple-nixos-mailserver",
        "repo": "blobs",
        "type": "gitlab"
      }
    },
    "disko": {
      "inputs": {
        "nixpkgs": [
          "nixpkgs"
        ]
      },
      "locked": {
        "lastModified": 1773889306,
        "narHash": "sha256-PAqwnsBSI9SVC2QugvQ3xeYCB0otOwCacB1ueQj2tgw=",
        "owner": "nix-community",
        "repo": "disko",
        "rev": "5ad85c82cc52264f4beddc934ba57f3789f28347",
        "type": "github"
      },
      "original": {
        "owner": "nix-community",
        "repo": "disko",
        "type": "github"
      }
    },
    "flake-compat": {
      "flake": false,
      "locked": {
        "lastModified": 1767039857,
        "narHash": "sha256-vNpUSpF5Nuw8xvDLj2KCwwksIbjua2LZCqhV1LNRDns=",
        "owner": "NixOS",
        "repo": "flake-compat",
        "rev": "5edf11c44bc78a0d334f6334cdaf7d60d732daab",
        "type": "github"
      },
      "original": {
        "owner": "NixOS",
        "repo": "flake-compat",
        "type": "github"
      }
    },
    "flake-compat_2": {
      "flake": false,
      "locked": {
        "lastModified": 1767039857,
        "narHash": "sha256-vNpUSpF5Nuw8xvDLj2KCwwksIbjua2LZCqhV1LNRDns=",
        "owner": "NixOS",
        "repo": "flake-compat",
        "rev": "5edf11c44bc78a0d334f6334cdaf7d60d732daab",
        "type": "github"
      },
      "original": {
        "owner": "NixOS",
        "repo": "flake-compat",
        "type": "github"
      }
    },
    "flake-parts": {
      "inputs": {
        "nixpkgs-lib": [
          "betterfox",
          "nixpkgs"
        ]
      },
      "locked": {
        "lastModified": 1763759067,
        "narHash": "sha256-LlLt2Jo/gMNYAwOgdRQBrsRoOz7BPRkzvNaI/fzXi2Q=",
        "owner": "hercules-ci",
        "repo": "flake-parts",
        "rev": "2cccadc7357c0ba201788ae99c4dfa90728ef5e0",
        "type": "github"
      },
      "original": {
        "owner": "hercules-ci",
        "repo": "flake-parts",
        "type": "github"
      }
    },
    "flake-parts_2": {
      "inputs": {
        "nixpkgs-lib": "nixpkgs-lib"
      },
      "locked": {
        "lastModified": 1749398372,
        "narHash": "sha256-tYBdgS56eXYaWVW3fsnPQ/nFlgWi/Z2Ymhyu21zVM98=",
        "owner": "hercules-ci",
        "repo": "flake-parts",
        "rev": "9305fe4e5c2a6fcf5ba6a3ff155720fbe4076569",
        "type": "github"
      },
      "original": {
        "owner": "hercules-ci",
        "repo": "flake-parts",
        "type": "github"
      }
    },
    "flake-parts_3": {
      "inputs": {
        "nixpkgs-lib": [
          "neovim-nightly-overlay",
          "nixpkgs"
        ]
      },
      "locked": {
        "lastModified": 1775087534,
        "narHash": "sha256-91qqW8lhL7TLwgQWijoGBbiD4t7/q75KTi8NxjVmSmA=",
        "owner": "hercules-ci",
        "repo": "flake-parts",
        "rev": "3107b77cd68437b9a76194f0f7f9c55f2329ca5b",
        "type": "github"
      },
      "original": {
        "owner": "hercules-ci",
        "repo": "flake-parts",
        "type": "github"
      }
    },
    "flake-parts_4": {
      "inputs": {
        "nixpkgs-lib": [
          "nur",
          "nixpkgs"
        ]
      },
      "locked": {
        "lastModified": 1733312601,
        "narHash": "sha256-4pDvzqnegAfRkPwO3wmwBhVi/Sye1mzps0zHWYnP88c=",
        "owner": "hercules-ci",
        "repo": "flake-parts",
        "rev": "205b12d8b7cd4802fbcb8e8ef6a0f1408781a4f9",
        "type": "github"
      },
      "original": {
        "owner": "hercules-ci",
        "repo": "flake-parts",
        "type": "github"
      }
    },
    "flake-utils": {
      "inputs": {
        "systems": "systems_3"
      },
      "locked": {
        "lastModified": 1731533236,
        "narHash": "sha256-l0KFg5HjrsfsO/JpG+r7fRrqm12kzFHyUHqHCVpMMbI=",
        "owner": "numtide",
        "repo": "flake-utils",
        "rev": "11707dc2f618dd54ca8739b309ec4fc024de578b",
        "type": "github"
      },
      "original": {
        "id": "flake-utils",
        "type": "indirect"
      }
    },
    "git-hooks": {
      "inputs": {
        "flake-compat": [
          "simple-nixos-mailserver",
          "flake-compat"
        ],
        "gitignore": "gitignore_2",
        "nixpkgs": [
          "simple-nixos-mailserver",
          "nixpkgs"
        ]
      },
      "locked": {
        "lastModified": 1774959120,
        "narHash": "sha256-Pzk6UbueeWy9WFiDY6iA1aHid+2AMzkS6gg2x2cSkz4=",
        "owner": "cachix",
        "repo": "git-hooks.nix",
        "rev": "c06f90f1eb6569bdaf6a4a10cb7e66db4454ac2a",
        "type": "github"
      },
      "original": {
        "owner": "cachix",
        "repo": "git-hooks.nix",
        "type": "github"
      }
    },
    "gitignore": {
      "inputs": {
        "nixpkgs": [
          "hyprnix",
          "hyprland",
          "pre-commit-hooks",
          "nixpkgs"
        ]
      },
      "locked": {
        "lastModified": 1709087332,
        "narHash": "sha256-HG2cCnktfHsKV0s4XW83gU3F57gaTljL9KNSuG6bnQs=",
        "owner": "hercules-ci",
        "repo": "gitignore.nix",
        "rev": "637db329424fd7e46cf4185293b9cc8c88c95394",
        "type": "github"
      },
      "original": {
        "owner": "hercules-ci",
        "repo": "gitignore.nix",
        "type": "github"
      }
    },
    "gitignore_2": {
      "inputs": {
        "nixpkgs": [
          "simple-nixos-mailserver",
          "git-hooks",
          "nixpkgs"
        ]
      },
      "locked": {
        "lastModified": 1709087332,
        "narHash": "sha256-HG2cCnktfHsKV0s4XW83gU3F57gaTljL9KNSuG6bnQs=",
        "owner": "hercules-ci",
        "repo": "gitignore.nix",
        "rev": "637db329424fd7e46cf4185293b9cc8c88c95394",
        "type": "github"
      },
      "original": {
        "owner": "hercules-ci",
        "repo": "gitignore.nix",
        "type": "github"
      }
    },
    "home-manager": {
      "inputs": {
        "nixpkgs": [
          "nixpkgs"
        ]
      },
      "locked": {
        "lastModified": 1775587248,
        "narHash": "sha256-lMdrBTTTUprYOeoxRLmwtQAvyaxkWZtx+EEkeJHGxrY=",
        "owner": "nix-community",
        "repo": "home-manager",
        "rev": "9cc761169a1bbf1d9787cdbe9abf07f4bae213a1",
        "type": "github"
      },
      "original": {
        "owner": "nix-community",
        "repo": "home-manager",
        "type": "github"
      }
    },
    "home-manager_2": {
      "inputs": {
        "nixpkgs": [
          "impermanence",
          "nixpkgs"
        ]
      },
      "locked": {
        "lastModified": 1768598210,
        "narHash": "sha256-kkgA32s/f4jaa4UG+2f8C225Qvclxnqs76mf8zvTVPg=",
        "owner": "nix-community",
        "repo": "home-manager",
        "rev": "c47b2cc64a629f8e075de52e4742de688f930dc6",
        "type": "github"
      },
      "original": {
        "owner": "nix-community",
        "repo": "home-manager",
        "type": "github"
      }
    },
    "hyprcursor": {
      "inputs": {
        "hyprlang": [
          "hyprnix",
          "hyprlang"
        ],
        "nixpkgs": [
          "hyprnix",
          "nixpkgs"
        ],
        "systems": [
          "hyprnix",
          "systems"
        ]
      },
      "locked": {
        "lastModified": 1753964049,
        "narHash": "sha256-lIqabfBY7z/OANxHoPeIrDJrFyYy9jAM4GQLzZ2feCM=",
        "owner": "hyprwm",
        "repo": "hyprcursor",
        "rev": "44e91d467bdad8dcf8bbd2ac7cf49972540980a5",
        "type": "github"
      },
      "original": {
        "owner": "hyprwm",
        "ref": "v0.1.13",
        "repo": "hyprcursor",
        "type": "github"
      }
    },
    "hyprgraphics": {
      "inputs": {
        "hyprutils": [
          "hyprnix",
          "hyprutils"
        ],
        "nixpkgs": [
          "hyprnix",
          "nixpkgs"
        ],
        "systems": [
          "hyprnix",
          "systems"
        ]
      },
      "locked": {
        "lastModified": 1775430856,
        "narHash": "sha256-48DubZbx8PDfuJkksNgi5aWFnX/Rq1OUaLsUvsdf2Bo=",
        "owner": "hyprwm",
        "repo": "hyprgraphics",
        "rev": "482d4b7ec36ffdaf3573086aa586b178fd5404be",
        "type": "github"
      },
      "original": {
        "owner": "hyprwm",
        "ref": "v0.5.1",
        "repo": "hyprgraphics",
        "type": "github"
      }
    },
    "hyprgraphics_2": {
      "inputs": {
        "hyprutils": [
          "hyprnix",
          "hyprpwcenter",
          "hyprutils"
        ],
        "nixpkgs": [
          "hyprnix",
          "hyprpwcenter",
          "nixpkgs"
        ],
        "systems": [
          "hyprnix",
          "hyprpwcenter",
          "systems"
        ]
      },
      "locked": {
        "lastModified": 1769284023,
        "narHash": "sha256-xG34vwYJ79rA2wVC8KFuM8r36urJTG6/csXx7LiiSYU=",
        "owner": "hyprwm",
        "repo": "hyprgraphics",
        "rev": "13c536659d46893596412d180449353a900a1d31",
        "type": "github"
      },
      "original": {
        "owner": "hyprwm",
        "repo": "hyprgraphics",
        "type": "github"
      }
    },
    "hyprgraphics_3": {
      "inputs": {
        "hyprutils": [
          "hyprnix",
          "hyprshutdown",
          "hyprutils"
        ],
        "nixpkgs": [
          "hyprnix",
          "hyprshutdown",
          "nixpkgs"
        ],
        "systems": [
          "hyprnix",
          "hyprshutdown",
          "systems"
        ]
      },
      "locked": {
        "lastModified": 1763733840,
        "narHash": "sha256-JnET78yl5RvpGuDQy3rCycOCkiKoLr5DN1fPhRNNMco=",
        "owner": "hyprwm",
        "repo": "hyprgraphics",
        "rev": "8f1bec691b2d198c60cccabca7a94add2df4ed1a",
        "type": "github"
      },
      "original": {
        "owner": "hyprwm",
        "repo": "hyprgraphics",
        "type": "github"
      }
    },
    "hypridle": {
      "inputs": {
        "hyprland-protocols": [
          "hyprnix",
          "hyprland-protocols"
        ],
        "hyprlang": [
          "hyprnix",
          "hyprlang"
        ],
        "hyprutils": [
          "hyprnix",
          "hyprutils"
        ],
        "hyprwayland-scanner": [
          "hyprnix",
          "hyprwayland-scanner"
        ],
        "nixpkgs": [
          "hyprnix",
          "nixpkgs"
        ],
        "systems": [
          "hyprnix",
          "systems"
        ]
      },
      "locked": {
        "lastModified": 1756291201,
        "narHash": "sha256-YzRWE3rCnsY0WDRJcn4KvyWUoe+5zdkUYNIaHGP9BZ4=",
        "owner": "hyprwm",
        "repo": "hypridle",
        "rev": "5430b73ddf148651bcf35fa39ed4d757c7534028",
        "type": "github"
      },
      "original": {
        "owner": "hyprwm",
        "ref": "v0.1.7",
        "repo": "hypridle",
        "type": "github"
      }
    },
    "hyprland": {
      "inputs": {
        "aquamarine": [
          "hyprnix",
          "aquamarine"
        ],
        "hyprcursor": [
          "hyprnix",
          "hyprcursor"
        ],
        "hyprgraphics": [
          "hyprnix",
          "hyprgraphics"
        ],
        "hyprland-guiutils": [
          "hyprnix",
          "hyprland-guiutils"
        ],
        "hyprland-protocols": [
          "hyprnix",
          "hyprland-protocols"
        ],
        "hyprlang": [
          "hyprnix",
          "hyprlang"
        ],
        "hyprutils": [
          "hyprnix",
          "hyprutils"
        ],
        "hyprwayland-scanner": [
          "hyprnix",
          "hyprwayland-scanner"
        ],
        "hyprwire": [
          "hyprnix",
          "hyprwire"
        ],
        "nixpkgs": [
          "hyprnix",
          "nixpkgs"
        ],
        "pre-commit-hooks": "pre-commit-hooks",
        "systems": [
          "hyprnix",
          "systems"
        ],
        "xdph": [
          "hyprnix",
          "xdph"
        ]
      },
      "locked": {
        "lastModified": 1774635470,
        "narHash": "sha256-dYVtjeSZgQzNNDmeSwBnp7gH/zOLsI2YTlv7hagY6gs=",
        "owner": "hyprwm",
        "repo": "hyprland",
        "rev": "521ece463c4a9d3d128670688a34756805a4328f",
        "type": "github"
      },
      "original": {
        "owner": "hyprwm",
        "ref": "v0.54.3",
        "repo": "hyprland",
        "type": "github"
      }
    },
    "hyprland-guiutils": {
      "inputs": {
        "aquamarine": [
          "hyprnix",
          "aquamarine"
        ],
        "hyprgraphics": [
          "hyprnix",
          "hyprgraphics"
        ],
        "hyprlang": [
          "hyprnix",
          "hyprlang"
        ],
        "hyprtoolkit": [
          "hyprnix",
          "hyprtoolkit"
        ],
        "hyprutils": [
          "hyprnix",
          "hyprutils"
        ],
        "hyprwayland-scanner": [
          "hyprnix",
          "hyprwayland-scanner"
        ],
        "nixpkgs": [
          "hyprnix",
          "nixpkgs"
        ],
        "systems": [
          "hyprnix",
          "systems"
        ]
      },
      "locked": {
        "lastModified": 1767023960,
        "narHash": "sha256-R2HgtVS1G3KSIKAQ77aOZ+Q0HituOmPgXW9nBNkpp3Q=",
        "owner": "hyprwm",
        "repo": "hyprland-guiutils",
        "rev": "c2e906261142f5dd1ee0bfc44abba23e2754c660",
        "type": "github"
      },
      "original": {
        "owner": "hyprwm",
        "ref": "v0.2.1",
        "repo": "hyprland-guiutils",
        "type": "github"
      }
    },
    "hyprland-protocols": {
      "inputs": {
        "nixpkgs": [
          "hyprnix",
          "nixpkgs"
        ],
        "systems": [
          "hyprnix",
          "systems"
        ]
      },
      "locked": {
        "lastModified": 1759610243,
        "narHash": "sha256-+KEVnKBe8wz+a6dTLq8YDcF3UrhQElwsYJaVaHXJtoI=",
        "owner": "hyprwm",
        "repo": "hyprland-protocols",
        "rev": "bd153e76f751f150a09328dbdeb5e4fab9d23622",
        "type": "github"
      },
      "original": {
        "owner": "hyprwm",
        "ref": "v0.7.0",
        "repo": "hyprland-protocols",
        "type": "github"
      }
    },
    "hyprland-qt-support": {
      "inputs": {
        "nixpkgs": [
          "hyprnix",
          "nixpkgs"
        ],
        "systems": [
          "hyprnix",
          "systems"
        ]
      },
      "locked": {
        "lastModified": 1736373635,
        "narHash": "sha256-+uZovj+X0a28172y0o0BvgGXyZLpKPbG03sVlCiSrWc=",
        "owner": "hyprwm",
        "repo": "hyprland-qt-support",
        "rev": "9d4437011b4f02e60e98a3e36c7fa14bb053b502",
        "type": "github"
      },
      "original": {
        "owner": "hyprwm",
        "ref": "v0.1.0",
        "repo": "hyprland-qt-support",
        "type": "github"
      }
    },
    "hyprlang": {
      "inputs": {
        "hyprutils": [
          "hyprnix",
          "hyprutils"
        ],
        "nixpkgs": [
          "hyprnix",
          "nixpkgs"
        ],
        "systems": [
          "hyprnix",
          "systems"
        ]
      },
      "locked": {
        "lastModified": 1767628570,
        "narHash": "sha256-ZGzcH3gKD9nj8oDLV1+o6ice6kMHZRXkNx24cfyPkRs=",
        "owner": "hyprwm",
        "repo": "hyprlang",
        "rev": "3a1c1b25b059dae2c6bbc46991562ba1158d125c",
        "type": "github"
      },
      "original": {
        "owner": "hyprwm",
        "ref": "v0.6.8",
        "repo": "hyprlang",
        "type": "github"
      }
    },
    "hyprlauncher": {
      "inputs": {
        "aquamarine": [
          "hyprnix",
          "aquamarine"
        ],
        "hyprgraphics": [
          "hyprnix",
          "hyprgraphics"
        ],
        "hyprlang": [
          "hyprnix",
          "hyprlang"
        ],
        "hyprtoolkit": [
          "hyprnix",
          "hyprtoolkit"
        ],
        "hyprutils": [
          "hyprnix",
          "hyprutils"
        ],
        "hyprwayland-scanner": [
          "hyprnix",
          "hyprwayland-scanner"
        ],
        "hyprwire": [
          "hyprnix",
          "hyprwire"
        ],
        "nixpkgs": [
          "hyprnix",
          "nixpkgs"
        ],
        "systems": [
          "hyprnix",
          "systems"
        ]
      },
      "locked": {
        "lastModified": 1767531738,
        "narHash": "sha256-nu3pMtkMwKsEhpBE4XMpayXDGdnrXVXrscSsxp7qf1I=",
        "owner": "hyprwm",
        "repo": "hyprlauncher",
        "rev": "086cfaa33541a347d040f8448ec4e4aff8f7f9bb",
        "type": "github"
      },
      "original": {
        "owner": "hyprwm",
        "ref": "v0.1.5",
        "repo": "hyprlauncher",
        "type": "github"
      }
    },
    "hyprlock": {
      "inputs": {
        "hyprgraphics": [
          "hyprnix",
          "hyprgraphics"
        ],
        "hyprlang": [
          "hyprnix",
          "hyprlang"
        ],
        "hyprutils": [
          "hyprnix",
          "hyprutils"
        ],
        "hyprwayland-scanner": [
          "hyprnix",
          "hyprwayland-scanner"
        ],
        "nixpkgs": [
          "hyprnix",
          "nixpkgs"
        ],
        "systems": [
          "hyprnix",
          "systems"
        ]
      },
      "locked": {
        "lastModified": 1774216685,
        "narHash": "sha256-qxR0w0wC6Bv96C/Kzx3mL1bUS8ejwhIm7eVVR9AA88c=",
        "owner": "hyprwm",
        "repo": "hyprlock",
        "rev": "d7079a124893832f887a8d72ba90ec0ccd874a81",
        "type": "github"
      },
      "original": {
        "owner": "hyprwm",
        "ref": "v0.9.3",
        "repo": "hyprlock",
        "type": "github"
      }
    },
    "hyprnix": {
      "inputs": {
        "aquamarine": "aquamarine",
        "hyprcursor": "hyprcursor",
        "hyprgraphics": "hyprgraphics",
        "hypridle": "hypridle",
        "hyprland": "hyprland",
        "hyprland-guiutils": "hyprland-guiutils",
        "hyprland-protocols": "hyprland-protocols",
        "hyprland-qt-support": "hyprland-qt-support",
        "hyprlang": "hyprlang",
        "hyprlauncher": "hyprlauncher",
        "hyprlock": "hyprlock",
        "hyprpaper": "hyprpaper",
        "hyprpicker": "hyprpicker",
        "hyprpolkitagent": "hyprpolkitagent",
        "hyprpwcenter": "hyprpwcenter",
        "hyprshutdown": "hyprshutdown",
        "hyprsunset": "hyprsunset",
        "hyprtoolkit": "hyprtoolkit",
        "hyprutils": "hyprutils",
        "hyprwayland-scanner": "hyprwayland-scanner_3",
        "hyprwire": "hyprwire",
        "nixpkgs": "nixpkgs",
        "systems": "systems_2",
        "xdph": "xdph"
      },
      "locked": {
        "lastModified": 1775432351,
        "narHash": "sha256-wLoD2dJJ40Cpls1k38CPxq74ZJLEzoAIsQSTNcByjws=",
        "owner": "hyprwm",
        "repo": "hyprnix",
        "rev": "8d20f41a48bd2f0a3afbedecf89c9cfd2ce314e6",
        "type": "github"
      },
      "original": {
        "owner": "hyprwm",
        "repo": "hyprnix",
        "type": "github"
      }
    },
    "hyprpaper": {
      "inputs": {
        "aquamarine": [
          "hyprnix",
          "aquamarine"
        ],
        "hyprgraphics": [
          "hyprnix",
          "hyprgraphics"
        ],
        "hyprlang": [
          "hyprnix",
          "hyprlang"
        ],
        "hyprtoolkit": [
          "hyprnix",
          "hyprtoolkit"
        ],
        "hyprutils": [
          "hyprnix",
          "hyprutils"
        ],
        "hyprwayland-scanner": [
          "hyprnix",
          "hyprwayland-scanner"
        ],
        "hyprwire": [
          "hyprnix",
          "hyprwire"
        ],
        "nixpkgs": [
          "hyprnix",
          "nixpkgs"
        ],
        "systems": [
          "hyprnix",
          "systems"
        ]
      },
      "locked": {
        "lastModified": 1769701846,
        "narHash": "sha256-6N1JeQx9/M3XCcxErk24FLMxTgn8GH40fpckP8X3ons=",
        "owner": "hyprwm",
        "repo": "hyprpaper",
        "rev": "64b991cb917e28a51a50987a113ac4bf014ad0b7",
        "type": "github"
      },
      "original": {
        "owner": "hyprwm",
        "ref": "v0.8.3",
        "repo": "hyprpaper",
        "type": "github"
      }
    },
    "hyprpicker": {
      "inputs": {
        "hyprutils": [
          "hyprnix",
          "hyprutils"
        ],
        "hyprwayland-scanner": [
          "hyprnix",
          "hyprwayland-scanner"
        ],
        "nixpkgs": [
          "hyprnix",
          "nixpkgs"
        ],
        "systems": [
          "hyprnix",
          "systems"
        ]
      },
      "locked": {
        "lastModified": 1770736181,
        "narHash": "sha256-7zYWeFIqdpvH5rQ0KF0dSyNaKghyTAXeEvhrgXiXCs8=",
        "owner": "hyprwm",
        "repo": "hyprpicker",
        "rev": "345eab2d704ee47a6c277cbfb2aeabaa620d9dbc",
        "type": "github"
      },
      "original": {
        "owner": "hyprwm",
        "ref": "v0.4.6",
        "repo": "hyprpicker",
        "type": "github"
      }
    },
    "hyprpolkitagent": {
      "inputs": {
        "hyprland-qt-support": [
          "hyprnix",
          "hyprland-qt-support"
        ],
        "hyprutils": [
          "hyprnix",
          "hyprutils"
        ],
        "nixpkgs": [
          "hyprnix",
          "nixpkgs"
        ],
        "systems": [
          "hyprnix",
          "systems"
        ]
      },
      "locked": {
        "lastModified": 1753969989,
        "narHash": "sha256-39xQ6iitVz9KVJz6PPRR+pkS5hBogq25BDd24eUDOQg=",
        "owner": "hyprwm",
        "repo": "hyprpolkitagent",
        "rev": "7e4054410f6d6331b239fea1c659ad6a917fbf6a",
        "type": "github"
      },
      "original": {
        "owner": "hyprwm",
        "ref": "v0.1.3",
        "repo": "hyprpolkitagent",
        "type": "github"
      }
    },
    "hyprpwcenter": {
      "inputs": {
        "aquamarine": "aquamarine_2",
        "hyprgraphics": "hyprgraphics_2",
        "hyprtoolkit": [
          "hyprnix",
          "hyprtoolkit"
        ],
        "hyprutils": [
          "hyprnix",
          "hyprutils"
        ],
        "nixpkgs": [
          "hyprnix",
          "nixpkgs"
        ],
        "systems": [
          "hyprnix",
          "systems"
        ]
      },
      "locked": {
        "lastModified": 1770734469,
        "narHash": "sha256-HrmLl4Laizh4zd55H6ETNdxrYQvUB4n1/OC6mxwD+D0=",
        "owner": "hyprwm",
        "repo": "hyprpwcenter",
        "rev": "2ce8f3d174f2ae1c50c7dcc182d809a5ab33cad2",
        "type": "github"
      },
      "original": {
        "owner": "hyprwm",
        "ref": "v0.1.2",
        "repo": "hyprpwcenter",
        "type": "github"
      }
    },
    "hyprshutdown": {
      "inputs": {
        "aquamarine": "aquamarine_3",
        "hyprgraphics": "hyprgraphics_3",
        "hyprtoolkit": [
          "hyprnix",
          "hyprtoolkit"
        ],
        "hyprutils": [
          "hyprnix",
          "hyprutils"
        ],
        "nixpkgs": [
          "hyprnix",
          "nixpkgs"
        ],
        "systems": [
          "hyprnix",
          "systems"
        ]
      },
      "locked": {
        "lastModified": 1769551061,
        "narHash": "sha256-dp5lyZzKsjdqJLfwr0S4ILets8eu1kLfBB2y/LxspsU=",
        "owner": "hyprwm",
        "repo": "hyprshutdown",
        "rev": "9f18be9c4e1a484c65b22dd53280815dc79a5a56",
        "type": "github"
      },
      "original": {
        "owner": "hyprwm",
        "ref": "v0.1.0",
        "repo": "hyprshutdown",
        "type": "github"
      }
    },
    "hyprsunset": {
      "inputs": {
        "hyprland-protocols": [
          "hyprnix",
          "hyprland-protocols"
        ],
        "hyprlang": [
          "hyprnix",
          "hyprlang"
        ],
        "hyprutils": [
          "hyprnix",
          "hyprutils"
        ],
        "hyprwayland-scanner": [
          "hyprnix",
          "hyprwayland-scanner"
        ],
        "nixpkgs": [
          "hyprnix",
          "nixpkgs"
        ],
        "systems": [
          "hyprnix",
          "systems"
        ]
      },
      "locked": {
        "lastModified": 1759530592,
        "narHash": "sha256-Yk6nDzCXrOehX3At8qdZ0cLr1kPySqACsihMYuP6T8w=",
        "owner": "hyprwm",
        "repo": "hyprsunset",
        "rev": "057feb7a724b7fc0f3a406d6db08b59734db006a",
        "type": "github"
      },
      "original": {
        "owner": "hyprwm",
        "ref": "v0.3.3",
        "repo": "hyprsunset",
        "type": "github"
      }
    },
    "hyprtoolkit": {
      "inputs": {
        "aquamarine": [
          "hyprnix",
          "aquamarine"
        ],
        "hyprgraphics": [
          "hyprnix",
          "hyprgraphics"
        ],
        "hyprlang": [
          "hyprnix",
          "hyprlang"
        ],
        "hyprutils": [
          "hyprnix",
          "hyprutils"
        ],
        "hyprwayland-scanner": [
          "hyprnix",
          "hyprwayland-scanner"
        ],
        "nixpkgs": [
          "hyprnix",
          "nixpkgs"
        ],
        "systems": [
          "hyprnix",
          "systems"
        ]
      },
      "locked": {
        "lastModified": 1769112842,
        "narHash": "sha256-kf7Q31BXRZsiNuQjkvRbGkM1aGj9u8HwyOCIUtwKS0o=",
        "owner": "hyprwm",
        "repo": "hyprtoolkit",
        "rev": "71515e83eb7ad0ec921c913e1d5772e5fe55daa9",
        "type": "github"
      },
      "original": {
        "owner": "hyprwm",
        "ref": "v0.5.3",
        "repo": "hyprtoolkit",
        "type": "github"
      }
    },
    "hyprutils": {
      "inputs": {
        "nixpkgs": [
          "hyprnix",
          "nixpkgs"
        ],
        "systems": [
          "hyprnix",
          "systems"
        ]
      },
      "locked": {
        "lastModified": 1774911391,
        "narHash": "sha256-c4YVwO33Mmw+FIV8E0u3atJZagHvGTJ9Jai6RtiB8rE=",
        "owner": "hyprwm",
        "repo": "hyprutils",
        "rev": "e6caa3d4d1427eedbdf556cf4ceb70f2d9c0b56d",
        "type": "github"
      },
      "original": {
        "owner": "hyprwm",
        "ref": "v0.12.0",
        "repo": "hyprutils",
        "type": "github"
      }
    },
    "hyprwayland-scanner": {
      "inputs": {
        "nixpkgs": [
          "hyprnix",
          "hyprpwcenter",
          "aquamarine",
          "nixpkgs"
        ],
        "systems": [
          "hyprnix",
          "hyprpwcenter",
          "aquamarine",
          "systems"
        ]
      },
      "locked": {
        "lastModified": 1751897909,
        "narHash": "sha256-FnhBENxihITZldThvbO7883PdXC/2dzW4eiNvtoV5Ao=",
        "owner": "hyprwm",
        "repo": "hyprwayland-scanner",
        "rev": "fcca0c61f988a9d092cbb33e906775014c61579d",
        "type": "github"
      },
      "original": {
        "owner": "hyprwm",
        "repo": "hyprwayland-scanner",
        "type": "github"
      }
    },
    "hyprwayland-scanner_2": {
      "inputs": {
        "nixpkgs": [
          "hyprnix",
          "hyprshutdown",
          "aquamarine",
          "nixpkgs"
        ],
        "systems": [
          "hyprnix",
          "hyprshutdown",
          "aquamarine",
          "systems"
        ]
      },
      "locked": {
        "lastModified": 1751897909,
        "narHash": "sha256-FnhBENxihITZldThvbO7883PdXC/2dzW4eiNvtoV5Ao=",
        "owner": "hyprwm",
        "repo": "hyprwayland-scanner",
        "rev": "fcca0c61f988a9d092cbb33e906775014c61579d",
        "type": "github"
      },
      "original": {
        "owner": "hyprwm",
        "repo": "hyprwayland-scanner",
        "type": "github"
      }
    },
    "hyprwayland-scanner_3": {
      "inputs": {
        "nixpkgs": [
          "hyprnix",
          "nixpkgs"
        ],
        "systems": [
          "hyprnix",
          "systems"
        ]
      },
      "locked": {
        "lastModified": 1751897909,
        "narHash": "sha256-FnhBENxihITZldThvbO7883PdXC/2dzW4eiNvtoV5Ao=",
        "owner": "hyprwm",
        "repo": "hyprwayland-scanner",
        "rev": "fcca0c61f988a9d092cbb33e906775014c61579d",
        "type": "github"
      },
      "original": {
        "owner": "hyprwm",
        "ref": "v0.4.5",
        "repo": "hyprwayland-scanner",
        "type": "github"
      }
    },
    "hyprwire": {
      "inputs": {
        "hyprutils": [
          "hyprnix",
          "hyprutils"
        ],
        "nixpkgs": [
          "hyprnix",
          "nixpkgs"
        ],
        "systems": [
          "hyprnix",
          "systems"
        ]
      },
      "locked": {
        "lastModified": 1770203293,
        "narHash": "sha256-PR/KER+yiHabFC/h1Wjb+9fR2Uy0lWM3Qld7jPVaWkk=",
        "owner": "hyprwm",
        "repo": "hyprwire",
        "rev": "37bc90eed02b0c8b5a77a0b00867baf3005cfb98",
        "type": "github"
      },
      "original": {
        "owner": "hyprwm",
        "ref": "v0.3.0",
        "repo": "hyprwire",
        "type": "github"
      }
    },
    "impermanence": {
      "inputs": {
        "home-manager": "home-manager_2",
        "nixpkgs": "nixpkgs_2"
      },
      "locked": {
        "lastModified": 1769548169,
        "narHash": "sha256-03+JxvzmfwRu+5JafM0DLbxgHttOQZkUtDWBmeUkN8Y=",
        "owner": "nix-community",
        "repo": "impermanence",
        "rev": "7b1d382faf603b6d264f58627330f9faa5cba149",
        "type": "github"
      },
      "original": {
        "owner": "nix-community",
        "repo": "impermanence",
        "type": "github"
      }
    },
    "import-tree": {
      "locked": {
        "lastModified": 1763762820,
        "narHash": "sha256-ZvYKbFib3AEwiNMLsejb/CWs/OL/srFQ8AogkebEPF0=",
        "owner": "vic",
        "repo": "import-tree",
        "rev": "3c23749d8013ec6daa1d7255057590e9ca726646",
        "type": "github"
      },
      "original": {
        "owner": "vic",
        "repo": "import-tree",
        "type": "github"
      }
    },
    "mango": {
      "inputs": {
        "flake-parts": "flake-parts_2",
        "nixpkgs": [
          "nixpkgs"
        ],
        "scenefx": "scenefx"
      },
      "locked": {
        "lastModified": 1768912412,
        "narHash": "sha256-zjMDW2Izd2GOKDfekf5/O1LaiI+rGzxmdhzOpzbAvvE=",
        "owner": "DreamMaoMao",
        "repo": "mango",
        "rev": "d78526d1e92acc3c926c1da26d27708f500875aa",
        "type": "github"
      },
      "original": {
        "owner": "DreamMaoMao",
        "ref": "refs/tags/0.11.0",
        "repo": "mango",
        "type": "github"
      }
    },
    "neovim-nightly-overlay": {
      "inputs": {
        "flake-parts": "flake-parts_3",
        "neovim-src": "neovim-src",
        "nixpkgs": "nixpkgs_3"
      },
      "locked": {
        "lastModified": 1775520277,
        "narHash": "sha256-dUI8/Mc6CfA+EmfrYByt+oNIEvdRLtSSDVS54O0YpBM=",
        "owner": "nix-community",
        "repo": "neovim-nightly-overlay",
        "rev": "b63186e453b0ad340760648293aa1ccf75528c46",
        "type": "github"
      },
      "original": {
        "owner": "nix-community",
        "repo": "neovim-nightly-overlay",
        "type": "github"
      }
    },
    "neovim-src": {
      "flake": false,
      "locked": {
        "lastModified": 1775514165,
        "narHash": "sha256-mAUtXA5BfCH5SRInzfJdaHY9egHrVLED0DsQzgBW4Fk=",
        "owner": "neovim",
        "repo": "neovim",
        "rev": "b36eafd5dafae561763e5dc2ba73b3f0b74c63fe",
        "type": "github"
      },
      "original": {
        "owner": "neovim",
        "repo": "neovim",
        "type": "github"
      }
    },
    "niri": {
      "inputs": {
        "niri-stable": "niri-stable",
        "niri-unstable": "niri-unstable",
        "nixpkgs": "nixpkgs_4",
        "nixpkgs-stable": "nixpkgs-stable",
        "xwayland-satellite-stable": "xwayland-satellite-stable",
        "xwayland-satellite-unstable": "xwayland-satellite-unstable"
      },
      "locked": {
        "lastModified": 1775566751,
        "narHash": "sha256-5Xkx4NQvl2azAQe3lCZCMUx4FiwGOlEb+I4kyycQYw8=",
        "owner": "sodiboo",
        "repo": "niri-flake",
        "rev": "6aa49a9c5b82911459e230db5bd64289082d4354",
        "type": "github"
      },
      "original": {
        "owner": "sodiboo",
        "repo": "niri-flake",
        "type": "github"
      }
    },
    "niri-stable": {
      "flake": false,
      "locked": {
        "lastModified": 1756556321,
        "narHash": "sha256-RLD89dfjN0RVO86C/Mot0T7aduCygPGaYbog566F0Qo=",
        "owner": "YaLTeR",
        "repo": "niri",
        "rev": "01be0e65f4eb91a9cd624ac0b76aaeab765c7294",
        "type": "github"
      },
      "original": {
        "owner": "YaLTeR",
        "ref": "v25.08",
        "repo": "niri",
        "type": "github"
      }
    },
    "niri-unstable": {
      "flake": false,
      "locked": {
        "lastModified": 1775561155,
        "narHash": "sha256-TK2IrqQivRcwqJa0suZMbcsN17CtA8Uu0v7CDnLATb0=",
        "owner": "YaLTeR",
        "repo": "niri",
        "rev": "599db847f857b8a7ff78ce02f15acab5d5d9fee1",
        "type": "github"
      },
      "original": {
        "owner": "YaLTeR",
        "repo": "niri",
        "type": "github"
      }
    },
    "nix-vscode-extensions": {
      "inputs": {
        "nixpkgs": "nixpkgs_5"
      },
      "locked": {
        "lastModified": 1775530708,
        "narHash": "sha256-+az4+mibiwi1YjgfCYLG9hNj4Nz3NXI9Zdi7a9ai2to=",
        "owner": "nix-community",
        "repo": "nix-vscode-extensions",
        "rev": "828735c01584dd780b32dde9c2b8c7a968bffb51",
        "type": "github"
      },
      "original": {
        "owner": "nix-community",
        "repo": "nix-vscode-extensions",
        "type": "github"
      }
    },
    "nixos-hardware": {
      "locked": {
        "lastModified": 1775490113,
        "narHash": "sha256-2ZBhDNZZwYkRmefK5XLOusCJHnoeKkoN95hoSGgMxWM=",
        "owner": "nixos",
        "repo": "nixos-hardware",
        "rev": "c775c2772ba56e906cbeb4e0b2db19079ef11ff7",
        "type": "github"
      },
      "original": {
        "owner": "nixos",
        "repo": "nixos-hardware",
        "type": "github"
      }
    },
    "nixpkgs": {
      "locked": {
        "lastModified": 1774386573,
        "narHash": "sha256-4hAV26quOxdC6iyG7kYaZcM3VOskcPUrdCQd/nx8obc=",
        "owner": "NixOS",
        "repo": "nixpkgs",
        "rev": "46db2e09e1d3f113a13c0d7b81e2f221c63b8ce9",
        "type": "github"
      },
      "original": {
        "owner": "NixOS",
        "ref": "nixos-unstable",
        "repo": "nixpkgs",
        "type": "github"
      }
    },
    "nixpkgs-gnome": {
      "locked": {
        "lastModified": 1762163421,
        "narHash": "sha256-qo7ZDi04s8EU7BQh1iKFrWV8eqclRDsJx47IY019sa4=",
        "owner": "NixOS",
        "repo": "nixpkgs",
        "rev": "46391794055c11ed20e22656127d4f728dc1b263",
        "type": "github"
      },
      "original": {
        "owner": "NixOS",
        "ref": "wip-gnome",
        "repo": "nixpkgs",
        "type": "github"
      }
    },
    "nixpkgs-lib": {
      "locked": {
        "lastModified": 1748740939,
        "narHash": "sha256-rQaysilft1aVMwF14xIdGS3sj1yHlI6oKQNBRTF40cc=",
        "owner": "nix-community",
        "repo": "nixpkgs.lib",
        "rev": "656a64127e9d791a334452c6b6606d17539476e2",
        "type": "github"
      },
      "original": {
        "owner": "nix-community",
        "repo": "nixpkgs.lib",
        "type": "github"
      }
    },
    "nixpkgs-next": {
      "locked": {
        "lastModified": 1775423009,
        "narHash": "sha256-vPKLpjhIVWdDrfiUM8atW6YkIggCEKdSAlJPzzhkQlw=",
        "owner": "nixos",
        "repo": "nixpkgs",
        "rev": "68d8aa3d661f0e6bd5862291b5bb263b2a6595c9",
        "type": "github"
      },
      "original": {
        "owner": "nixos",
        "ref": "nixos-unstable",
        "repo": "nixpkgs",
        "type": "github"
      }
    },
    "nixpkgs-prev": {
      "locked": {
        "lastModified": 1774386573,
        "narHash": "sha256-4hAV26quOxdC6iyG7kYaZcM3VOskcPUrdCQd/nx8obc=",
        "owner": "nixos",
        "repo": "nixpkgs",
        "rev": "46db2e09e1d3f113a13c0d7b81e2f221c63b8ce9",
        "type": "github"
      },
      "original": {
        "owner": "nixos",
        "repo": "nixpkgs",
        "rev": "46db2e09e1d3f113a13c0d7b81e2f221c63b8ce9",
        "type": "github"
      }
    },
    "nixpkgs-stable": {
      "locked": {
        "lastModified": 1775305101,
        "narHash": "sha256-/74n1oQPtKG52Yw41cbToxspxHbYz6O3vi+XEw16Qe8=",
        "owner": "NixOS",
        "repo": "nixpkgs",
        "rev": "36a601196c4ebf49e035270e10b2d103fe39076b",
        "type": "github"
      },
      "original": {
        "owner": "NixOS",
        "ref": "nixos-25.11",
        "repo": "nixpkgs",
        "type": "github"
      }
    },
    "nixpkgs-stable_2": {
      "locked": {
        "lastModified": 1767313136,
        "narHash": "sha256-16KkgfdYqjaeRGBaYsNrhPRRENs0qzkQVUooNHtoy2w=",
        "owner": "nixos",
        "repo": "nixpkgs",
        "rev": "ac62194c3917d5f474c1a844b6fd6da2db95077d",
        "type": "github"
      },
      "original": {
        "owner": "nixos",
        "ref": "nixos-25.05",
        "repo": "nixpkgs",
        "type": "github"
      }
    },
    "nixpkgs_2": {
      "locked": {
        "lastModified": 1768564909,
        "narHash": "sha256-Kell/SpJYVkHWMvnhqJz/8DqQg2b6PguxVWOuadbHCc=",
        "owner": "nixos",
        "repo": "nixpkgs",
        "rev": "e4bae1bd10c9c57b2cf517953ab70060a828ee6f",
        "type": "github"
      },
      "original": {
        "owner": "nixos",
        "ref": "nixos-unstable",
        "repo": "nixpkgs",
        "type": "github"
      }
    },
    "nixpkgs_3": {
      "locked": {
        "lastModified": 1775464765,
        "narHash": "sha256-nex6TL2x1/sVHCyDWcvl1t/dbTedb9bAGC4DLf/pmYk=",
        "owner": "NixOS",
        "repo": "nixpkgs",
        "rev": "83e29f2b8791f6dec20804382fcd9a666d744c07",
        "type": "github"
      },
      "original": {
        "owner": "NixOS",
        "ref": "nixpkgs-unstable",
        "repo": "nixpkgs",
        "type": "github"
      }
    },
    "nixpkgs_4": {
      "locked": {
        "lastModified": 1775423009,
        "narHash": "sha256-vPKLpjhIVWdDrfiUM8atW6YkIggCEKdSAlJPzzhkQlw=",
        "owner": "NixOS",
        "repo": "nixpkgs",
        "rev": "68d8aa3d661f0e6bd5862291b5bb263b2a6595c9",
        "type": "github"
      },
      "original": {
        "owner": "NixOS",
        "ref": "nixos-unstable",
        "repo": "nixpkgs",
        "type": "github"
      }
    },
    "nixpkgs_5": {
      "locked": {
        "lastModified": 1766025857,
        "narHash": "sha256-Lav5jJazCW4mdg1iHcROpuXqmM94BWJvabLFWaJVJp0=",
        "owner": "nixos",
        "repo": "nixpkgs",
        "rev": "def3da69945bbe338c373fddad5a1bb49cf199ce",
        "type": "github"
      },
      "original": {
        "owner": "nixos",
        "repo": "nixpkgs",
        "rev": "def3da69945bbe338c373fddad5a1bb49cf199ce",
        "type": "github"
      }
    },
    "nixpkgs_6": {
      "locked": {
        "lastModified": 1775423009,
        "narHash": "sha256-vPKLpjhIVWdDrfiUM8atW6YkIggCEKdSAlJPzzhkQlw=",
        "owner": "nixos",
        "repo": "nixpkgs",
        "rev": "68d8aa3d661f0e6bd5862291b5bb263b2a6595c9",
        "type": "github"
      },
      "original": {
        "owner": "nixos",
        "ref": "nixos-unstable",
        "repo": "nixpkgs",
        "type": "github"
      }
    },
    "nur": {
      "inputs": {
        "flake-parts": "flake-parts_4",
        "nixpkgs": [
          "nixpkgs"
        ]
      },
      "locked": {
        "lastModified": 1775589885,
        "narHash": "sha256-WwZJg9ukaNXWtUOGkme03hfMTsNhOYlVBuGBoJST3VU=",
        "owner": "nix-community",
        "repo": "NUR",
        "rev": "967bc46153c133365decb02316894efac1bd7b6a",
        "type": "github"
      },
      "original": {
        "owner": "nix-community",
        "repo": "NUR",
        "type": "github"
      }
    },
    "paperwm": {
      "inputs": {
        "flake-utils": "flake-utils",
        "nixpkgs": [
          "nixpkgs"
        ],
        "nixpkgs-gnome": "nixpkgs-gnome"
      },
      "locked": {
        "lastModified": 1773366408,
        "narHash": "sha256-bn7b6SvJYrqMMQ8wfLuRReWWQqGl1Tv71fxBPQHhbAY=",
        "owner": "paperwm",
        "repo": "PaperWM",
        "rev": "8e038d0aee5dd71199ec4bcd16b1964a6b519772",
        "type": "github"
      },
      "original": {
        "owner": "paperwm",
        "repo": "PaperWM",
        "type": "github"
      }
    },
    "pre-commit-hooks": {
      "inputs": {
        "flake-compat": "flake-compat",
        "gitignore": "gitignore",
        "nixpkgs": [
          "hyprnix",
          "hyprland",
          "nixpkgs"
        ]
      },
      "locked": {
        "lastModified": 1772024342,
        "narHash": "sha256-+eXlIc4/7dE6EcPs9a2DaSY3fTA9AE526hGqkNID3Wg=",
        "owner": "cachix",
        "repo": "git-hooks.nix",
        "rev": "6e34e97ed9788b17796ee43ccdbaf871a5c2b476",
        "type": "github"
      },
      "original": {
        "owner": "cachix",
        "repo": "git-hooks.nix",
        "type": "github"
      }
    },
    "root": {
      "inputs": {
        "betterfox": "betterfox",
        "disko": "disko",
        "home-manager": "home-manager",
        "hyprnix": "hyprnix",
        "impermanence": "impermanence",
        "mango": "mango",
        "neovim-nightly-overlay": "neovim-nightly-overlay",
        "niri": "niri",
        "nix-vscode-extensions": "nix-vscode-extensions",
        "nixos-hardware": "nixos-hardware",
        "nixpkgs": "nixpkgs_6",
        "nixpkgs-next": "nixpkgs-next",
        "nixpkgs-prev": "nixpkgs-prev",
        "nixpkgs-stable": "nixpkgs-stable_2",
        "nur": "nur",
        "paperwm": "paperwm",
        "simple-nixos-mailserver": "simple-nixos-mailserver",
        "sops-nix": "sops-nix"
      }
    },
    "scenefx": {
      "inputs": {
        "nixpkgs": [
          "mango",
          "nixpkgs"
        ]
      },
      "locked": {
        "lastModified": 1750785057,
        "narHash": "sha256-tGX6j4W91rcb+glXJo43sjPI9zQvPotonknG1BdihR4=",
        "owner": "wlrfx",
        "repo": "scenefx",
        "rev": "3a6cfb12e4ba97b43326357d14f7b3e40897adfc",
        "type": "github"
      },
      "original": {
        "owner": "wlrfx",
        "repo": "scenefx",
        "type": "github"
      }
    },
    "simple-nixos-mailserver": {
      "inputs": {
        "blobs": "blobs",
        "flake-compat": "flake-compat_2",
        "git-hooks": "git-hooks",
        "nixpkgs": [
          "nixpkgs"
        ]
      },
      "locked": {
        "lastModified": 1775244324,
        "narHash": "sha256-TSAozmLyWCRbUJu6tXQvhTjsDKNj9q1CsEqwhhh9kMU=",
        "owner": "simple-nixos-mailserver",
        "repo": "nixos-mailserver",
        "rev": "c45a1e4385e81b937b353ee4ce97f5cfd60ceff2",
        "type": "gitlab"
      },
      "original": {
        "owner": "simple-nixos-mailserver",
        "repo": "nixos-mailserver",
        "type": "gitlab"
      }
    },
    "sops-nix": {
      "inputs": {
        "nixpkgs": [
          "nixpkgs"
        ]
      },
      "locked": {
        "lastModified": 1775365543,
        "narHash": "sha256-f50qrK0WwZ9z5EdaMGWOTtALgSF7yb7XwuE7LjCuDmw=",
        "owner": "Mic92",
        "repo": "sops-nix",
        "rev": "a4ee2de76efb759fe8d4868c33dec9937897916f",
        "type": "github"
      },
      "original": {
        "owner": "Mic92",
        "repo": "sops-nix",
        "type": "github"
      }
    },
    "systems": {
      "locked": {
        "lastModified": 1681028828,
        "narHash": "sha256-Vy1rq5AaRuLzOxct8nz4T6wlgyUR7zLU309k9mBC768=",
        "owner": "nix-systems",
        "repo": "default",
        "rev": "da67096a3b9bf56a91d16901293e51ba5b49a27e",
        "type": "github"
      },
      "original": {
        "owner": "nix-systems",
        "repo": "default",
        "type": "github"
      }
    },
    "systems_2": {
      "locked": {
        "lastModified": 1689347949,
        "narHash": "sha256-12tWmuL2zgBgZkdoB6qXZsgJEH9LR3oUgpaQq2RbI80=",
        "owner": "nix-systems",
        "repo": "default-linux",
        "rev": "31732fcf5e8fea42e59c2488ad31a0e651500f68",
        "type": "github"
      },
      "original": {
        "owner": "nix-systems",
        "repo": "default-linux",
        "type": "github"
      }
    },
    "systems_3": {
      "locked": {
        "lastModified": 1681028828,
        "narHash": "sha256-Vy1rq5AaRuLzOxct8nz4T6wlgyUR7zLU309k9mBC768=",
        "owner": "nix-systems",
        "repo": "default",
        "rev": "da67096a3b9bf56a91d16901293e51ba5b49a27e",
        "type": "github"
      },
      "original": {
        "owner": "nix-systems",
        "repo": "default",
        "type": "github"
      }
    },
    "xdph": {
      "inputs": {
        "hyprland-protocols": [
          "hyprnix",
          "hyprland-protocols"
        ],
        "hyprlang": [
          "hyprnix",
          "hyprlang"
        ],
        "hyprutils": [
          "hyprnix",
          "hyprutils"
        ],
        "hyprwayland-scanner": [
          "hyprnix",
          "hyprwayland-scanner"
        ],
        "nixpkgs": [
          "hyprnix",
          "nixpkgs"
        ],
        "systems": [
          "hyprnix",
          "systems"
        ]
      },
      "locked": {
        "lastModified": 1760713634,
        "narHash": "sha256-5HXelmz2x/uO26lvW7MudnadbAfoBnve4tRBiDVLtOM=",
        "owner": "hyprwm",
        "repo": "xdg-desktop-portal-hyprland",
        "rev": "753bbbdf6a052994da94062e5b753288cef28dfb",
        "type": "github"
      },
      "original": {
        "owner": "hyprwm",
        "ref": "v1.3.11",
        "repo": "xdg-desktop-portal-hyprland",
        "type": "github"
      }
    },
    "xwayland-satellite-stable": {
      "flake": false,
      "locked": {
        "lastModified": 1755491097,
        "narHash": "sha256-m+9tUfsmBeF2Gn4HWa6vSITZ4Gz1eA1F5Kh62B0N4oE=",
        "owner": "Supreeeme",
        "repo": "xwayland-satellite",
        "rev": "388d291e82ffbc73be18169d39470f340707edaa",
        "type": "github"
      },
      "original": {
        "owner": "Supreeeme",
        "ref": "v0.7",
        "repo": "xwayland-satellite",
        "type": "github"
      }
    },
    "xwayland-satellite-unstable": {
      "flake": false,
      "locked": {
        "lastModified": 1773622265,
        "narHash": "sha256-wToKwH7IgWdGLMSIWksEDs4eumR6UbbsuPQ42r0oTXQ=",
        "owner": "Supreeeme",
        "repo": "xwayland-satellite",
        "rev": "a879e5e0896a326adc79c474bf457b8b99011027",
        "type": "github"
      },
      "original": {
        "owner": "Supreeeme",
        "repo": "xwayland-satellite",
        "type": "github"
      }
    }
  },
  "root": "root",
  "version": 7
}
